{
  "name": "TranslationService.Web",
  "version": "1.0.0",
  "lockfileVersion": 1,
  "requires": true,
  "dependencies": {
    "angular": {
      "version": "1.7.4",
      "resolved": "https://registry.npmjs.org/angular/-/angular-1.7.4.tgz",
      "integrity": "sha512-nYTWc9CpZjTY57l8EA1+DGpQNzI6HewQ34bfRYoGXBYysIoPYjfcgTGWC+Vl3AaeCnhAb3VTkysVESvCBpUIoA=="
    },
    "angular-resource": {
      "version": "1.7.4",
      "resolved": "https://registry.npmjs.org/angular-resource/-/angular-resource-1.7.4.tgz",
      "integrity": "sha512-55cp37sqUmEmgNvFOpzB3mCML1MHNxq0feBG7pSmwhRnwFR0+cWarsCeEQ1jN3hwTTtAqvS/uaPnzbYRg3kZYg=="
    },
    "angular-route": {
      "version": "1.7.5",
      "resolved": "https://registry.npmjs.org/angular-route/-/angular-route-1.7.5.tgz",
      "integrity": "sha512-7KfyEVVOWTI+jTY/j5rUNCIHGRyeCOx7YqZI/Ci3IbDK7GIsy6xH+hS5ai0Xi0sLjzDZ0PUDO4gBn+K0dVtlOg=="
    },
    "angular-sanitize": {
      "version": "1.7.4",
      "resolved": "https://registry.npmjs.org/angular-sanitize/-/angular-sanitize-1.7.4.tgz",
      "integrity": "sha512-i5NoK6lo21N/CDRtkXpUuqaXeyncP7icLNCGzCUCD6CQvfVh3nY9Nsiw+tHtiIeD34ppcbl5Wb6ihY7RKDoDVw=="
    },
    "handsontable": {
      "version": "0.28.4",
      "resolved": "http://registry.npmjs.org/handsontable/-/handsontable-0.28.4.tgz",
      "integrity": "sha1-8xjnDZzrZdiMDrZ35M/2Bs/Ksec=",
      "requires": {
        "moment": "^2.13.0",
        "numbro": "^1.8.0",
        "pikaday": "^1.4.0",
        "zeroclipboard": "^2.2.0"
      }
    },
    "jquery": {
      "version": "3.3.1",
      "resolved": "https://registry.npmjs.org/jquery/-/jquery-3.3.1.tgz",
      "integrity": "sha512-Ubldcmxp5np52/ENotGxlLe6aGMvmF4R8S6tZjsP6Knsaxd/xp3Zrh50cG93lR6nPXyUFwzN3ZSOQI0wRJNdGg=="
    },
    "lodash": {
      "version": "4.17.11",
      "resolved": "https://registry.npmjs.org/lodash/-/lodash-4.17.11.tgz",
      "integrity": "sha512-cQKh8igo5QUhZ7lg38DYWAxMvjSAKG0A8wGSVimP07SIUEK2UO+arSRKbRZWtelMtN5V0Hkwh5ryOto/SshYIg=="
    },
    "moment": {
      "version": "2.22.2",
      "resolved": "https://registry.npmjs.org/moment/-/moment-2.22.2.tgz",
      "integrity": "sha1-PCV/mDn8DpP/UxSWMiOeuQeD/2Y="
    },
    "ng-handsontable": {
      "version": "0.13.0",
      "resolved": "https://registry.npmjs.org/ng-handsontable/-/ng-handsontable-0.13.0.tgz",
      "integrity": "sha1-6WppGpkohifgZO1Uhb/T1G2XhhY=",
      "requires": {
        "angular": "^1.5.0",
        "handsontable": "^0.28.0"
      }
    },
    "numbro": {
      "version": "1.11.1",
      "resolved": "https://registry.npmjs.org/numbro/-/numbro-1.11.1.tgz",
      "integrity": "sha512-qL0Etqbunz4RtPx4bNjMONe9HyUpgbrM4Sa3VpWY5oRdp9ry5DufAj6lCvnIcluRBA9QUacrllYc73QK0G6VAw=="
    },
    "pikaday": {
      "version": "1.7.0",
      "resolved": "https://registry.npmjs.org/pikaday/-/pikaday-1.7.0.tgz",
      "integrity": "sha512-b1z65oFulNTKOdcg9+wTnZWBzfekf1AqPMCmmK9qH6aT7stqDyh76G6nLeuYr3WqchjW/7QLOBFmok14sCecsA==",
      "requires": {
        "moment": "2.x"
      }
    },
    "ui-select": {
      "version": "0.19.8",
      "resolved": "https://registry.npmjs.org/ui-select/-/ui-select-0.19.8.tgz",
      "integrity": "sha1-dIYISKf9i8SU2YVtL2J3bqmGN8E="
    },
    "zeroclipboard": {
      "version": "2.3.0",
      "resolved": "https://registry.npmjs.org/zeroclipboard/-/zeroclipboard-2.3.0.tgz",
      "integrity": "sha1-WS69gzpDCGiLBzlpfT2/mJACya8="
    }
  }
}
